
Microsoft Visual Studio Solution File, Format Version 12.00
# Visual Studio Version 18
VisualStudioVersion = 18.7.11911.148 stable
MinimumVisualStudioVersion = 10.0.40219.1
Project("{FAE04EC0-301F-11D3-BF4B-00C04F79EFBC}") = "Layla", "Layla\Layla.csproj", "{9A35A008-3D57-4F5E-9A89-2303D22B6F12}"
EndProject
Project("{FAE04EC0-301F-11D3-BF4B-00C04F79EFBC}") = "Layla.Test", "Layla.Test\Layla.Test.csproj", "{27226D0E-8DF8-4B58-9D95-69E5D7D828B7}"
EndProject
Project("{FAE04EC0-301F-11D3-BF4B-00C04F79EFBC}") = "Layla.Application", "Layla.Application\Layla.Application.csproj", "{04A0EE0C-5571-4298-97A3-282DFA5DEBB4}"
EndProject
Project("{FAE04EC0-301F-11D3-BF4B-00C04F79EFBC}") = "Layla.Domain", "Layla.Domain\Layla.Domain.csproj", "{57CD6383-DDCC-4A0C-A49A-9C26165AC58E}"
EndProject
Project("{FAE04EC0-301F-11D3-BF4B-00C04F79EFBC}") = "Layla.Presentation", "Layla.Presentation\Layla.Presentation.csproj", "{1E949DFC-2158-4100-8B76-AD92B358EEE5}"
EndProject
Project("{FAE04EC0-301F-11D3-BF4B-00C04F79EFBC}") = "Layla.Infrastructure", "Layla.Infrastructure\Layla.Infrastructure.csproj", "{FD1705AF-B502-46D1-BAD3-7360227EE072}"
EndProject
Project("{FAE04EC0-301F-11D3-BF4B-00C04F79EFBC}") = "Layla.Contract", "Layla.Contract\Layla.Contract.csproj", "{5670AAEE-228F-4390-BEAB-56919DB4E7F8}"
EndProject
Project("{FAE04EC0-301F-11D3-BF4B-00C04F79EFBC}") = "Layla.Shared.UI", "Layla.Shared.UI\Layla.Shared.UI.csproj", "{5E23CA0F-BAF7-447A-B749-20CDDB1C7C7A}"
EndProject
Project("{FAE04EC0-301F-11D3-BF4B-00C04F79EFBC}") = "Layla.Shared.Services", "Layla.Shared.Services\Layla.Shared.Services.csproj", "{B057B438-6C42-49DF-8317-014FFF95A85C}"
EndProject
Project("{FAE04EC0-301F-11D3-BF4B-00C04F79EFBC}") = "Layla.Shared.Orchestrator", "Layla.Shared.Orchestrator\Layla.Shared.Orchestrator.csproj", "{CEFCBAC1-3B38-495A-A45E-51C3CDFD8430}"
EndProject
Project("{FAE04EC0-301F-11D3-BF4B-00C04F79EFBC}") = "Layla.Platform.Web", "Layla.Platform.Web\Layla.Platform.Web.csproj", "{B0D648E0-ECA8-4463-A848-8813BCB86471}"
EndProject
Project("{FAE04EC0-301F-11D3-BF4B-00C04F79EFBC}") = "Layla.Kernel", "Layla.Kernel\Layla.Kernel.csproj", "{DC03AF1A-7304-416C-8912-0608F92E8C73}"
EndProject
Project("{2150E333-8FDC-42A3-9474-1A3956D46DE8}") = "Backend", "Backend", "{7302CD90-F422-4D6A-8DE0-3904C4B4E8D4}"
EndProject
Project("{2150E333-8FDC-42A3-9474-1A3956D46DE8}") = "Common", "Common", "{327228F8-D8D2-4971-B35A-762CA1661B30}"
EndProject
Project("{2150E333-8FDC-42A3-9474-1A3956D46DE8}") = "Frontend", "Frontend", "{080F38B2-A0CC-482C-8F8A-108303044466}"
EndProject
Global
	GlobalSection(SolutionConfigurationPlatforms) = preSolution
		Debug|Any CPU = Debug|Any CPU
		Release|Any CPU = Release|Any CPU
	EndGlobalSection
	GlobalSection(ProjectConfigurationPlatforms) = postSolution
		{9A35A008-3D57-4F5E-9A89-2303D22B6F12}.Debug|Any CPU.ActiveCfg = Debug|Any CPU
		{9A35A008-3D57-4F5E-9A89-2303D22B6F12}.Debug|Any CPU.Build.0 = Debug|Any CPU
		{9A35A008-3D57-4F5E-9A89-2303D22B6F12}.Release|Any CPU.ActiveCfg = Release|Any CPU
		{9A35A008-3D57-4F5E-9A89-2303D22B6F12}.Release|Any CPU.Build.0 = Release|Any CPU
		{27226D0E-8DF8-4B58-9D95-69E5D7D828B7}.Debug|Any CPU.ActiveCfg = Debug|Any CPU
		{27226D0E-8DF8-4B58-9D95-69E5D7D828B7}.Debug|Any CPU.Build.0 = Debug|Any CPU
		{27226D0E-8DF8-4B58-9D95-69E5D7D828B7}.Release|Any CPU.ActiveCfg = Release|Any CPU
		{27226D0E-8DF8-4B58-9D95-69E5D7D828B7}.Release|Any CPU.Build.0 = Release|Any CPU
		{04A0EE0C-5571-4298-97A3-282DFA5DEBB4}.Debug|Any CPU.ActiveCfg = Debug|Any CPU
		{04A0EE0C-5571-4298-97A3-282DFA5DEBB4}.Debug|Any CPU.Build.0 = Debug|Any CPU
		{04A0EE0C-5571-4298-97A3-282DFA5DEBB4}.Release|Any CPU.ActiveCfg = Release|Any CPU
		{04A0EE0C-5571-4298-97A3-282DFA5DEBB4}.Release|Any CPU.Build.0 = Release|Any CPU
		{57CD6383-DDCC-4A0C-A49A-9C26165AC58E}.Debug|Any CPU.ActiveCfg = Debug|Any CPU
		{57CD6383-DDCC-4A0C-A49A-9C26165AC58E}.Debug|Any CPU.Build.0 = Debug|Any CPU
		{57CD6383-DDCC-4A0C-A49A-9C26165AC58E}.Release|Any CPU.ActiveCfg = Release|Any CPU
		{57CD6383-DDCC-4A0C-A49A-9C26165AC58E}.Release|Any CPU.Build.0 = Release|Any CPU
		{1E949DFC-2158-4100-8B76-AD92B358EEE5}.Debug|Any CPU.ActiveCfg = Debug|Any CPU
		{1E949DFC-2158-4100-8B76-AD92B358EEE5}.Debug|Any CPU.Build.0 = Debug|Any CPU
		{1E949DFC-2158-4100-8B76-AD92B358EEE5}.Release|Any CPU.ActiveCfg = Release|Any CPU
		{1E949DFC-2158-4100-8B76-AD92B358EEE5}.Release|Any CPU.Build.0 = Release|Any CPU
		{FD1705AF-B502-46D1-BAD3-7360227EE072}.Debug|Any CPU.ActiveCfg = Debug|Any CPU
		{FD1705AF-B502-46D1-BAD3-7360227EE072}.Debug|Any CPU.Build.0 = Debug|Any CPU
		{FD1705AF-B502-46D1-BAD3-7360227EE072}.Release|Any CPU.ActiveCfg = Release|Any CPU
		{FD1705AF-B502-46D1-BAD3-7360227EE072}.Release|Any CPU.Build.0 = Release|Any CPU
		{5670AAEE-228F-4390-BEAB-56919DB4E7F8}.Debug|Any CPU.ActiveCfg = Debug|Any CPU
		{5670AAEE-228F-4390-BEAB-56919DB4E7F8}.Debug|Any CPU.Build.0 = Debug|Any CPU
		{5670AAEE-228F-4390-BEAB-56919DB4E7F8}.Release|Any CPU.ActiveCfg = Release|Any CPU
		{5670AAEE-228F-4390-BEAB-56919DB4E7F8}.Release|Any CPU.Build.0 = Release|Any CPU
		{5E23CA0F-BAF7-447A-B749-20CDDB1C7C7A}.Debug|Any CPU.ActiveCfg = Debug|Any CPU
		{5E23CA0F-BAF7-447A-B749-20CDDB1C7C7A}.Debug|Any CPU.Build.0 = Debug|Any CPU
		{5E23CA0F-BAF7-447A-B749-20CDDB1C7C7A}.Release|Any CPU.ActiveCfg = Release|Any CPU
		{5E23CA0F-BAF7-447A-B749-20CDDB1C7C7A}.Release|Any CPU.Build.0 = Release|Any CPU
		{B057B438-6C42-49DF-8317-014FFF95A85C}.Debug|Any CPU.ActiveCfg = Debug|Any CPU
		{B057B438-6C42-49DF-8317-014FFF95A85C}.Debug|Any CPU.Build.0 = Debug|Any CPU
		{B057B438-6C42-49DF-8317-014FFF95A85C}.Release|Any CPU.ActiveCfg = Release|Any CPU
		{B057B438-6C42-49DF-8317-014FFF95A85C}.Release|Any CPU.Build.0 = Release|Any CPU
		{CEFCBAC1-3B38-495A-A45E-51C3CDFD8430}.Debug|Any CPU.ActiveCfg = Debug|Any CPU
		{CEFCBAC1-3B38-495A-A45E-51C3CDFD8430}.Debug|Any CPU.Build.0 = Debug|Any CPU
		{CEFCBAC1-3B38-495A-A45E-51C3CDFD8430}.Release|Any CPU.ActiveCfg = Release|Any CPU
		{CEFCBAC1-3B38-495A-A45E-51C3CDFD8430}.Release|Any CPU.Build.0 = Release|Any CPU
		{B0D648E0-ECA8-4463-A848-8813BCB86471}.Debug|Any CPU.ActiveCfg = Debug|Any CPU
		{B0D648E0-ECA8-4463-A848-8813BCB86471}.Debug|Any CPU.Build.0 = Debug|Any CPU
		{B0D648E0-ECA8-4463-A848-8813BCB86471}.Release|Any CPU.ActiveCfg = Release|Any CPU
		{B0D648E0-ECA8-4463-A848-8813BCB86471}.Release|Any CPU.Build.0 = Release|Any CPU
		{DC03AF1A-7304-416C-8912-0608F92E8C73}.Debug|Any CPU.ActiveCfg = Debug|Any CPU
		{DC03AF1A-7304-416C-8912-0608F92E8C73}.Debug|Any CPU.Build.0 = Debug|Any CPU
		{DC03AF1A-7304-416C-8912-0608F92E8C73}.Release|Any CPU.ActiveCfg = Release|Any CPU
		{DC03AF1A-7304-416C-8912-0608F92E8C73}.Release|Any CPU.Build.0 = Release|Any CPU
	EndGlobalSection
	GlobalSection(SolutionProperties) = preSolution
		HideSolutionNode = FALSE
	EndGlobalSection
	GlobalSection(NestedProjects) = preSolution
		{04A0EE0C-5571-4298-97A3-282DFA5DEBB4} = {7302CD90-F422-4D6A-8DE0-3904C4B4E8D4}
		{57CD6383-DDCC-4A0C-A49A-9C26165AC58E} = {7302CD90-F422-4D6A-8DE0-3904C4B4E8D4}
		{1E949DFC-2158-4100-8B76-AD92B358EEE5} = {7302CD90-F422-4D6A-8DE0-3904C4B4E8D4}
		{FD1705AF-B502-46D1-BAD3-7360227EE072} = {7302CD90-F422-4D6A-8DE0-3904C4B4E8D4}
		{5670AAEE-228F-4390-BEAB-56919DB4E7F8} = {327228F8-D8D2-4971-B35A-762CA1661B30}
		{5E23CA0F-BAF7-447A-B749-20CDDB1C7C7A} = {080F38B2-A0CC-482C-8F8A-108303044466}
		{B057B438-6C42-49DF-8317-014FFF95A85C} = {080F38B2-A0CC-482C-8F8A-108303044466}
		{CEFCBAC1-3B38-495A-A45E-51C3CDFD8430} = {080F38B2-A0CC-482C-8F8A-108303044466}
		{B0D648E0-ECA8-4463-A848-8813BCB86471} = {080F38B2-A0CC-482C-8F8A-108303044466}
		{DC03AF1A-7304-416C-8912-0608F92E8C73} = {327228F8-D8D2-4971-B35A-762CA1661B30}
	EndGlobalSection
	GlobalSection(ExtensibilityGlobals) = postSolution
		SolutionGuid = {4D6EB331-7F6D-46EA-8862-1CF58163B631}
	EndGlobalSection
EndGlobal
